
Microsoft Visual Studio Solution File, Format Version 12.00
# Visual Studio Version 17
VisualStudioVersion = 17.10.34928.147
MinimumVisualStudioVersion = 10.0.40219.1
Project("{FAE04EC0-301F-11D3-BF4B-00C04F79EFBC}") = "pruebaTecnica", "pruebaTecnica.csproj", "{631EC3F9-C21F-4407-96DF-C2DFAE69512A}"
EndProject
Project("{FAE04EC0-301F-11D3-BF4B-00C04F79EFBC}") = "prueba.Model", "..\prueba.Model\prueba.Model.csproj", "{EF87D2D9-F556-4578-874A-FAAEC914236E}"
EndProject
Project("{FAE04EC0-301F-11D3-BF4B-00C04F79EFBC}") = "prueba.repository", "..\prueba.repository\prueba.repository.csproj", "{7F9AF554-CA4E-43EF-BC2B-1D54DF1083C2}"
EndProject
Project("{FAE04EC0-301F-11D3-BF4B-00C04F79EFBC}") = "prueba.Service", "..\prueba.Service\prueba.Service.csproj", "{4BD7A1B1-2524-4D72-80A7-E2FD99DDE47A}"
EndProject
Global
	GlobalSection(SolutionConfigurationPlatforms) = preSolution
		Debug|Any CPU = Debug|Any CPU
		Release|Any CPU = Release|Any CPU
	EndGlobalSection
	GlobalSection(ProjectConfigurationPlatforms) = postSolution
		{631EC3F9-C21F-4407-96DF-C2DFAE69512A}.Debug|Any CPU.ActiveCfg = Debug|Any CPU
		{631EC3F9-C21F-4407-96DF-C2DFAE69512A}.Debug|Any CPU.Build.0 = Debug|Any CPU
		{631EC3F9-C21F-4407-96DF-C2DFAE69512A}.Release|Any CPU.ActiveCfg = Release|Any CPU
		{631EC3F9-C21F-4407-96DF-C2DFAE69512A}.Release|Any CPU.Build.0 = Release|Any CPU
		{EF87D2D9-F556-4578-874A-FAAEC914236E}.Debug|Any CPU.ActiveCfg = Debug|Any CPU
		{EF87D2D9-F556-4578-874A-FAAEC914236E}.Debug|Any CPU.Build.0 = Debug|Any CPU
		{EF87D2D9-F556-4578-874A-FAAEC914236E}.Release|Any CPU.ActiveCfg = Release|Any CPU
		{EF87D2D9-F556-4578-874A-FAAEC914236E}.Release|Any CPU.Build.0 = Release|Any CPU
		{7F9AF554-CA4E-43EF-BC2B-1D54DF1083C2}.Debug|Any CPU.ActiveCfg = Debug|Any CPU
		{7F9AF554-CA4E-43EF-BC2B-1D54DF1083C2}.Debug|Any CPU.Build.0 = Debug|Any CPU
		{7F9AF554-CA4E-43EF-BC2B-1D54DF1083C2}.Release|Any CPU.ActiveCfg = Release|Any CPU
		{7F9AF554-CA4E-43EF-BC2B-1D54DF1083C2}.Release|Any CPU.Build.0 = Release|Any CPU
		{4BD7A1B1-2524-4D72-80A7-E2FD99DDE47A}.Debug|Any CPU.ActiveCfg = Debug|Any CPU
		{4BD7A1B1-2524-4D72-80A7-E2FD99DDE47A}.Debug|Any CPU.Build.0 = Debug|Any CPU
		{4BD7A1B1-2524-4D72-80A7-E2FD99DDE47A}.Release|Any CPU.ActiveCfg = Release|Any CPU
		{4BD7A1B1-2524-4D72-80A7-E2FD99DDE47A}.Release|Any CPU.Build.0 = Release|Any CPU
	EndGlobalSection
	GlobalSection(SolutionProperties) = preSolution
		HideSolutionNode = FALSE
	EndGlobalSection
	GlobalSection(ExtensibilityGlobals) = postSolution
		SolutionGuid = {C774A384-C1D6-4982-92AA-831004B0D2B1}
	EndGlobalSection
EndGlobal
